
Microsoft Visual Studio Solution File, Format Version 12.00
# Visual Studio 15
VisualStudioVersion = 15.0.27703.2042
MinimumVisualStudioVersion = 10.0.40219.1
Project("{9A19103F-16F7-4668-BE54-9A1E7A4F7556}") = "FastApiGatewayDb", "FastApiGateway.Db\FastApiGatewayDb.csproj", "{95BD8132-2F72-4793-8939-6DD0EF99AF85}"
EndProject
Project("{9A19103F-16F7-4668-BE54-9A1E7A4F7556}") = "TestFastApiGateway.Db", "TestFastApiGateway.Db\TestFastApiGateway.Db.csproj", "{3A8CF85E-B27F-4889-B6EE-7BEB42C89396}"
EndProject
Global
	GlobalSection(SolutionConfigurationPlatforms) = preSolution
		Debug|Any CPU = Debug|Any CPU
		Release|Any CPU = Release|Any CPU
	EndGlobalSection
	GlobalSection(ProjectConfigurationPlatforms) = postSolution
		{95BD8132-2F72-4793-8939-6DD0EF99AF85}.Debug|Any CPU.ActiveCfg = Debug|Any CPU
		{95BD8132-2F72-4793-8939-6DD0EF99AF85}.Debug|Any CPU.Build.0 = Debug|Any CPU
		{95BD8132-2F72-4793-8939-6DD0EF99AF85}.Release|Any CPU.ActiveCfg = Release|Any CPU
		{95BD8132-2F72-4793-8939-6DD0EF99AF85}.Release|Any CPU.Build.0 = Release|Any CPU
		{3A8CF85E-B27F-4889-B6EE-7BEB42C89396}.Debug|Any CPU.ActiveCfg = Debug|Any CPU
		{3A8CF85E-B27F-4889-B6EE-7BEB42C89396}.Debug|Any CPU.Build.0 = Debug|Any CPU
		{3A8CF85E-B27F-4889-B6EE-7BEB42C89396}.Release|Any CPU.ActiveCfg = Release|Any CPU
		{3A8CF85E-B27F-4889-B6EE-7BEB42C89396}.Release|Any CPU.Build.0 = Release|Any CPU
	EndGlobalSection
	GlobalSection(SolutionProperties) = preSolution
		HideSolutionNode = FALSE
	EndGlobalSection
	GlobalSection(ExtensibilityGlobals) = postSolution
		SolutionGuid = {AF25CD14-902D-4BB0-9819-EFE9DC364CCA}
	EndGlobalSection
EndGlobal
